lockfileVersion: '6.0'

settings:
  autoInstallPeers: true
  excludeLinksFromLockfile: false

dependencies:
  '@babel/types':
    specifier: ^7.22.5
    version: 7.22.15
  '@types/babel__traverse':
    specifier: ^7.20.1
    version: 7.20.1

packages:

  /@babel/helper-string-parser@7.22.5:
    resolution: {integrity: sha512-mM4COjgZox8U+JcXQwPijIZLElkgEpO5rsERVDJTc2qfCDfERyob6k5WegS14SX18IIjv+XD+GrqNumY5JRCDw==}
    engines: {node: '>=6.9.0'}
    dev: false

  /@babel/helper-validator-identifier@7.22.15:
    resolution: {integrity: sha512-4E/F9IIEi8WR94324mbDUMo074YTheJmd7eZF5vITTeYchqAi6sYXRLHUVsmkdmY4QjfKTcB2jB7dVP3NaBElQ==}
    engines: {node: '>=6.9.0'}
    dev: false

  /@babel/types@7.22.15:
    resolution: {integrity: sha512-X+NLXr0N8XXmN5ZsaQdm9U2SSC3UbIYq/doL++sueHOTisgZHoKaQtZxGuV2cUPQHMfjKEfg/g6oy7Hm6SKFtA==}
    engines: {node: '>=6.9.0'}
    dependencies:
      '@babel/helper-string-parser': 7.22.5
      '@babel/helper-validator-identifier': 7.22.15
      to-fast-properties: 2.0.0
    dev: false

  /@types/babel__traverse@7.20.1:
    resolution: {integrity: sha512-MitHFXnhtgwsGZWtT68URpOvLN4EREih1u3QtQiN4VdAxWKRVvGCSvw/Qth0M0Qq3pJpnGOu5JaM/ydK7OGbqg==}
    dependencies:
      '@babel/types': 7.22.15
    dev: false

  /to-fast-properties@2.0.0:
    resolution: {integrity: sha512-/OaKK0xYrs3DmxRYqL/yDc+FxFUVYhDlXMhRmv3z915w2HF1tnN1omB354j8VUGO/hbRzyD6Y3sA7v7GS/ceog==}
    engines: {node: '>=4'}
    dev: false
