lockfileVersion: '6.0'

settings:
  autoInstallPeers: true
  excludeLinksFromLockfile: false

dependencies:
  '@babel/standalone':
    specifier: ^7.22.9
    version: 7.22.9

packages:

  /@babel/standalone@7.22.9:
    resolution: {integrity: sha512-RRUFpN2WiHaczMqIhmy7VoruvSw+c3NSq6BczondQ6elJXtKzr9cAWWsWWZvtZ/rYFQpoQlch5VxQe4aWTt8LA==}
    engines: {node: '>=6.9.0'}
    dev: false
