lockfileVersion: '6.0'

settings:
  autoInstallPeers: true
  excludeLinksFromLockfile: false

dependencies:
  '@babel/standalone':
    specifier: ^7.22.9
    version: 7.22.14

packages:

  /@babel/standalone@7.22.14:
    resolution: {integrity: sha512-i61lDNe0nRm44nZj05g+1HNb0EVfDGaTI6PkoeUMUSel3GTG6T1OM3BdjZIXghnnFB8bSWbmfS1lkBQgNUdu5w==}
    engines: {node: '>=6.9.0'}
    dev: false
