lockfileVersion: 5.4

specifiers:
  '@babel/standalone': ^7.22.9

dependencies:
  '@babel/standalone': 7.22.10

packages:

  /@babel/standalone/7.22.10:
    resolution: {integrity: sha512-VmK2sWxUTfDDh9mPfCtFJPIehZToteqK+Zpwq8oJUjJ+WeeKIFTTQIrDzH7jEdom+cAaaguU7FI/FBsBWFkIeQ==}
    engines: {node: '>=6.9.0'}
    dev: false
